
Microsoft Visual Studio Solution File, Format Version 12.00
Project("{FAE04EC0-301F-11D3-BF4B-00C04F79EFBC}") = "DevCli", "DevCli\DevCli.csproj", "{D4751587-8258-46C8-9038-73DC8D7089BF}"
EndProject
Project("{FAE04EC0-301F-11D3-BF4B-00C04F79EFBC}") = "DevCli.Tests", "DevCli.Tests\DevCli.Tests.csproj", "{65935AC3-BFDF-4935-8555-439E1FE2D547}"
EndProject
Global
	GlobalSection(SolutionConfigurationPlatforms) = preSolution
		Debug|Any CPU = Debug|Any CPU
		Release|Any CPU = Release|Any CPU
	EndGlobalSection
	GlobalSection(ProjectConfigurationPlatforms) = postSolution
		{D4751587-8258-46C8-9038-73DC8D7089BF}.Debug|Any CPU.ActiveCfg = Debug|Any CPU
		{D4751587-8258-46C8-9038-73DC8D7089BF}.Debug|Any CPU.Build.0 = Debug|Any CPU
		{D4751587-8258-46C8-9038-73DC8D7089BF}.Release|Any CPU.ActiveCfg = Release|Any CPU
		{D4751587-8258-46C8-9038-73DC8D7089BF}.Release|Any CPU.Build.0 = Release|Any CPU
		{65935AC3-BFDF-4935-8555-439E1FE2D547}.Debug|Any CPU.ActiveCfg = Debug|Any CPU
		{65935AC3-BFDF-4935-8555-439E1FE2D547}.Debug|Any CPU.Build.0 = Debug|Any CPU
		{65935AC3-BFDF-4935-8555-439E1FE2D547}.Release|Any CPU.ActiveCfg = Release|Any CPU
		{65935AC3-BFDF-4935-8555-439E1FE2D547}.Release|Any CPU.Build.0 = Release|Any CPU
	EndGlobalSection
EndGlobal
